// !$*UTF8*$!
{
	archiveVersion = 1;
	classes = {
	};
	objectVersion = 52;
	objects = {

/* Begin PBXBuildFile section */
		06415413C10D76F02D5CB9AB /* Pods_APOD_NASA.framework in Frameworks */ = {isa = PBXBuildFile; fileRef = 73315E6F0EA63906B39C057D /* Pods_APOD_NASA.framework */; };
		FF0BCB0B23A76824005010CE /* AppDelegate.swift in Sources */ = {isa = PBXBuildFile; fileRef = FF0BCB0A23A76824005010CE /* AppDelegate.swift */; };
		FF0BCB0D23A76824005010CE /* SceneDelegate.swift in Sources */ = {isa = PBXBuildFile; fileRef = FF0BCB0C23A76824005010CE /* SceneDelegate.swift */; };
		FF0BCB0F23A76824005010CE /* ViewController.swift in Sources */ = {isa = PBXBuildFile; fileRef = FF0BCB0E23A76824005010CE /* ViewController.swift */; };
		FF0BCB1223A76824005010CE /* Main.storyboard in Resources */ = {isa = PBXBuildFile; fileRef = FF0BCB1023A76824005010CE /* Main.storyboard */; };
		FF0BCB1423A76825005010CE /* Assets.xcassets in Resources */ = {isa = PBXBuildFile; fileRef = FF0BCB1323A76825005010CE /* Assets.xcassets */; };
		FF0BCB1723A76825005010CE /* LaunchScreen.storyboard in Resources */ = {isa = PBXBuildFile; fileRef = FF0BCB1523A76825005010CE /* LaunchScreen.storyboard */; };
		FF0BCB1F23A77F76005010CE /* DataModel.swift in Sources */ = {isa = PBXBuildFile; fileRef = FF0BCB1E23A77F76005010CE /* DataModel.swift */; };
/* End PBXBuildFile section */

/* Begin PBXFileReference section */
		73315E6F0EA63906B39C057D /* Pods_APOD_NASA.framework */ = {isa = PBXFileReference; explicitFileType = wrapper.framework; includeInIndex = 0; path = Pods_APOD_NASA.framework; sourceTree = BUILT_PRODUCTS_DIR; };
		AF13A30C715A1423BE44F623 /* Pods-APOD NASA.release.xcconfig */ = {isa = PBXFileReference; includeInIndex = 1; lastKnownFileType = text.xcconfig; name = "Pods-APOD NASA.release.xcconfig"; path = "Pods/Target Support Files/Pods-APOD NASA/Pods-APOD NASA.release.xcconfig"; sourceTree = "<group>"; };
		C1AFFE6186DCA47A506B9EFC /* Pods-APOD NASA.debug.xcconfig */ = {isa = PBXFileReference; includeInIndex = 1; lastKnownFileType = text.xcconfig; name = "Pods-APOD NASA.debug.xcconfig"; path = "Pods/Target Support Files/Pods-APOD NASA/Pods-APOD NASA.debug.xcconfig"; sourceTree = "<group>"; };
		FF0BCB0723A76824005010CE /* APOD NASA.app */ = {isa = PBXFileReference; explicitFileType = wrapper.application; includeInIndex = 0; path = "APOD NASA.app"; sourceTree = BUILT_PRODUCTS_DIR; };
		FF0BCB0A23A76824005010CE /* AppDelegate.swift */ = {isa = PBXFileReference; lastKnownFileType = sourcecode.swift; path = AppDelegate.swift; sourceTree = "<group>"; };
		FF0BCB0C23A76824005010CE /* SceneDelegate.swift */ = {isa = PBXFileReference; lastKnownFileType = sourcecode.swift; path = SceneDelegate.swift; sourceTree = "<group>"; };
		FF0BCB0E23A76824005010CE /* ViewController.swift */ = {isa = PBXFileReference; lastKnownFileType = sourcecode.swift; path = ViewController.swift; sourceTree = "<group>"; };
		FF0BCB1123A76824005010CE /* Base */ = {isa = PBXFileReference; lastKnownFileType = file.storyboard; name = Base; path = Base.lproj/Main.storyboard; sourceTree = "<group>"; };
		FF0BCB1323A76825005010CE /* Assets.xcassets */ = {isa = PBXFileReference; lastKnownFileType = folder.assetcatalog; path = Assets.xcassets; sourceTree = "<group>"; };
		FF0BCB1623A76825005010CE /* Base */ = {isa = PBXFileReference; lastKnownFileType = file.storyboard; name = Base; path = Base.lproj/LaunchScreen.storyboard; sourceTree = "<group>"; };
		FF0BCB1823A76825005010CE /* Info.plist */ = {isa = PBXFileReference; lastKnownFileType = text.plist.xml; path = Info.plist; sourceTree = "<group>"; };
		FF0BCB1E23A77F76005010CE /* DataModel.swift */ = {isa = PBXFileReference; lastKnownFileType = sourcecode.swift; path = DataModel.swift; sourceTree = "<group>"; };
/* End PBXFileReference section */

/* Begin PBXFrameworksBuildPhase section */
		FF0BCB0423A76824005010CE /* Frameworks */ = {
			isa = PBXFrameworksBuildPhase;
			buildActionMask = 2147483647;
			files = (
				06415413C10D76F02D5CB9AB /* Pods_APOD_NASA.framework in Frameworks */,
			);
			runOnlyForDeploymentPostprocessing = 0;
		};
/* End PBXFrameworksBuildPhase section */

/* Begin PBXGroup section */
		5C849F319FC5D3C138178E44 /* Pods */ = {
			isa = PBXGroup;
			children = (
				C1AFFE6186DCA47A506B9EFC /* Pods-APOD NASA.debug.xcconfig */,
				AF13A30C715A1423BE44F623 /* Pods-APOD NASA.release.xcconfig */,
			);
			name = Pods;
			sourceTree = "<group>";
		};
		5F0B658469BEFF6D0B8C5F64 /* Frameworks */ = {
			isa = PBXGroup;
			children = (
				73315E6F0EA63906B39C057D /* Pods_APOD_NASA.framework */,
			);
			name = Frameworks;
			sourceTree = "<group>";
		};
		FF0BCAFE23A76824005010CE = {
			isa = PBXGroup;
			children = (
				FF0BCB0923A76824005010CE /* APOD NASA */,
				FF0BCB0823A76824005010CE /* Products */,
				5C849F319FC5D3C138178E44 /* Pods */,
				5F0B658469BEFF6D0B8C5F64 /* Frameworks */,
			);
			sourceTree = "<group>";
		};
		FF0BCB0823A76824005010CE /* Products */ = {
			isa = PBXGroup;
			children = (
				FF0BCB0723A76824005010CE /* APOD NASA.app */,
			);
			name = Products;
			sourceTree = "<group>";
		};
		FF0BCB0923A76824005010CE /* APOD NASA */ = {
			isa = PBXGroup;
			children = (
				FF86327625781D41002C6053 /* Model */,
				FF86327725781D47002C6053 /* View */,
				FF86327825781D4D002C6053 /* Controller */,
				FF86327925781D6F002C6053 /* Support */,
				FF0BCB1323A76825005010CE /* Assets.xcassets */,
				FF0BCB1523A76825005010CE /* LaunchScreen.storyboard */,
				FF0BCB1823A76825005010CE /* Info.plist */,
			);
			path = "APOD NASA";
			sourceTree = "<group>";
		};
		FF86327625781D41002C6053 /* Model */ = {
			isa = PBXGroup;
			children = (
				FF0BCB1E23A77F76005010CE /* DataModel.swift */,
			);
			path = Model;
			sourceTree = "<group>";
		};
		FF86327725781D47002C6053 /* View */ = {
			isa = PBXGroup;
			children = (
				FF0BCB1023A76824005010CE /* Main.storyboard */,
			);
			path = View;
			sourceTree = "<group>";
		};
		FF86327825781D4D002C6053 /* Controller */ = {
			isa = PBXGroup;
			children = (
				FF0BCB0E23A76824005010CE /* ViewController.swift */,
			);
			path = Controller;
			sourceTree = "<group>";
		};
		FF86327925781D6F002C6053 /* Support */ = {
			isa = PBXGroup;
			children = (
				FF0BCB0A23A76824005010CE /* AppDelegate.swift */,
				FF0BCB0C23A76824005010CE /* SceneDelegate.swift */,
			);
			path = Support;
			sourceTree = "<group>";
		};
/* End PBXGroup section */

/* Begin PBXNativeTarget section */
		FF0BCB0623A76824005010CE /* APOD NASA */ = {
			isa = PBXNativeTarget;
			buildConfigurationList = FF0BCB1B23A76825005010CE /* Build configuration list for PBXNativeTarget "APOD NASA" */;
			buildPhases = (
				DEC2213CCB1B18811CAAD109 /* [CP] Check Pods Manifest.lock */,
				FF0BCB0323A76824005010CE /* Sources */,
				FF0BCB0423A76824005010CE /* Frameworks */,
				FF0BCB0523A76824005010CE /* Resources */,
				83D688160DCFD331742A0064 /* [CP] Embed Pods Frameworks */,
			);
			buildRules = (
			);
			dependencies = (
			);
			name = "APOD NASA";
			productName = "APOD NASA";
			productReference = FF0BCB0723A76824005010CE /* APOD NASA.app */;
			productType = "com.apple.product-type.application";
		};
/* End PBXNativeTarget section */

/* Begin PBXProject section */
		FF0BCAFF23A76824005010CE /* Project object */ = {
			isa = PBXProject;
			attributes = {
				LastSwiftUpdateCheck = 1130;
				LastUpgradeCheck = 1220;
				ORGANIZATIONNAME = "Fahim Rahman";
				TargetAttributes = {
					FF0BCB0623A76824005010CE = {
						CreatedOnToolsVersion = 11.3;
					};
				};
			};
			buildConfigurationList = FF0BCB0223A76824005010CE /* Build configuration list for PBXProject "APOD NASA" */;
			compatibilityVersion = "Xcode 11.0";
			developmentRegion = en;
			hasScannedForEncodings = 0;
			knownRegions = (
				en,
				Base,
			);
			mainGroup = FF0BCAFE23A76824005010CE;
			productRefGroup = FF0BCB0823A76824005010CE /* Products */;
			projectDirPath = "";
			projectRoot = "";
			targets = (
				FF0BCB0623A76824005010CE /* APOD NASA */,
			);
		};
/* End PBXProject section */

/* Begin PBXResourcesBuildPhase section */
		FF0BCB0523A76824005010CE /* Resources */ = {
			isa = PBXResourcesBuildPhase;
			buildActionMask = 2147483647;
			files = (
				FF0BCB1723A76825005010CE /* LaunchScreen.storyboard in Resources */,
				FF0BCB1423A76825005010CE /* Assets.xcassets in Resources */,
				FF0BCB1223A76824005010CE /* Main.storyboard in Resources */,
			);
			runOnlyForDeploymentPostprocessing = 0;
		};
/* End PBXResourcesBuildPhase section */

/* Begin PBXShellScriptBuildPhase section */
		83D688160DCFD331742A0064 /* [CP] Embed Pods Frameworks */ = {
			isa = PBXShellScriptBuildPhase;
			buildActionMask = 2147483647;
			files = (
			);
			inputFileListPaths = (
				"${PODS_ROOT}/Target Support Files/Pods-APOD NASA/Pods-APOD NASA-frameworks-${CONFIGURATION}-input-files.xcfilelist",
			);
			name = "[CP] Embed Pods Frameworks";
			outputFileListPaths = (
				"${PODS_ROOT}/Target Support Files/Pods-APOD NASA/Pods-APOD NASA-frameworks-${CONFIGURATION}-output-files.xcfilelist",
			);
			runOnlyForDeploymentPostprocessing = 0;
			shellPath = /bin/sh;
			shellScript = "\"${PODS_ROOT}/Target Support Files/Pods-APOD NASA/Pods-APOD NASA-frameworks.sh\"\n";
			showEnvVarsInLog = 0;
		};
		DEC2213CCB1B18811CAAD109 /* [CP] Check Pods Manifest.lock */ = {
			isa = PBXShellScriptBuildPhase;
			buildActionMask = 2147483647;
			files = (
			);
			inputPaths = (
				"${PODS_PODFILE_DIR_PATH}/Podfile.lock",
				"${PODS_ROOT}/Manifest.lock",
			);
			name = "[CP] Check Pods Manifest.lock";
			outputPaths = (
				"$(DERIVED_FILE_DIR)/Pods-APOD NASA-checkManifestLockResult.txt",
			);
			runOnlyForDeploymentPostprocessing = 0;
			shellPath = /bin/sh;
			shellScript = "diff \"${PODS_PODFILE_DIR_PATH}/Podfile.lock\" \"${PODS_ROOT}/Manifest.lock\" > /dev/null\nif [ $? != 0 ] ; then\n    # print error to STDERR\n    echo \"error: The sandbox is not in sync with the Podfile.lock. Run 'pod install' or update your CocoaPods installation.\" >&2\n    exit 1\nfi\n# This output is used by Xcode 'outputs' to avoid re-running this script phase.\necho \"SUCCESS\" > \"${SCRIPT_OUTPUT_FILE_0}\"\n";
			showEnvVarsInLog = 0;
		};
/* End PBXShellScriptBuildPhase section */

/* Begin PBXSourcesBuildPhase section */
		FF0BCB0323A76824005010CE /* Sources */ = {
			isa = PBXSourcesBuildPhase;
			buildActionMask = 2147483647;
			files = (
				FF0BCB0F23A76824005010CE /* ViewController.swift in Sources */,
				FF0BCB1F23A77F76005010CE /* DataModel.swift in Sources */,
				FF0BCB0B23A76824005010CE /* AppDelegate.swift in Sources */,
				FF0BCB0D23A76824005010CE /* SceneDelegate.swift in Sources */,
			);
			runOnlyForDeploymentPostprocessing = 0;
		};
/* End PBXSourcesBuildPhase section */

/* Begin PBXVariantGroup section */
		FF0BCB1023A76824005010CE /* Main.storyboard */ = {
			isa = PBXVariantGroup;
			children = (
				FF0BCB1123A76824005010CE /* Base */,
			);
			name = Main.storyboard;
			sourceTree = "<group>";
		};
		FF0BCB1523A76825005010CE /* LaunchScreen.storyboard */ = {
			isa = PBXVariantGroup;
			children = (
				FF0BCB1623A76825005010CE /* Base */,
			);
			name = LaunchScreen.storyboard;
			sourceTree = "<group>";
		};
/* End PBXVariantGroup section */

/* Begin XCBuildConfiguration section */
		FF0BCB1923A76825005010CE /* Debug */ = {
			isa = XCBuildConfiguration;
			buildSettings = {
				ALWAYS_SEARCH_USER_PATHS = NO;
				CLANG_ANALYZER_NONNULL = YES;
				CLANG_ANALYZER_NUMBER_OBJECT_CONVERSION = YES_AGGRESSIVE;
				CLANG_CXX_LANGUAGE_STANDARD = "gnu++14";
				CLANG_CXX_LIBRARY = "libc++";
				CLANG_ENABLE_MODULES = YES;
				CLANG_ENABLE_OBJC_ARC = YES;
				CLANG_ENABLE_OBJC_WEAK = YES;
				CLANG_WARN_BLOCK_CAPTURE_AUTORELEASING = YES;
				CLANG_WARN_BOOL_CONVERSION = YES;
				CLANG_WARN_COMMA = YES;
				CLANG_WARN_CONSTANT_CONVERSION = YES;
				CLANG_WARN_DEPRECATED_OBJC_IMPLEMENTATIONS = YES;
				CLANG_WARN_DIRECT_OBJC_ISA_USAGE = YES_ERROR;
				CLANG_WARN_DOCUMENTATION_COMMENTS = YES;
				CLANG_WARN_EMPTY_BODY = YES;
				CLANG_WARN_ENUM_CONVERSION = YES;
				CLANG_WARN_INFINITE_RECURSION = YES;
				CLANG_WARN_INT_CONVERSION = YES;
				CLANG_WARN_NON_LITERAL_NULL_CONVERSION = YES;
				CLANG_WARN_OBJC_IMPLICIT_RETAIN_SELF = YES;
				CLANG_WARN_OBJC_LITERAL_CONVERSION = YES;
				CLANG_WARN_OBJC_ROOT_CLASS = YES_ERROR;
				CLANG_WARN_QUOTED_INCLUDE_IN_FRAMEWORK_HEADER = YES;
				CLANG_WARN_RANGE_LOOP_ANALYSIS = YES;
				CLANG_WARN_STRICT_PROTOTYPES = YES;
				CLANG_WARN_SUSPICIOUS_MOVE = YES;
				CLANG_WARN_UNGUARDED_AVAILABILITY = YES_AGGRESSIVE;
				CLANG_WARN_UNREACHABLE_CODE = YES;
				CLANG_WARN__DUPLICATE_METHOD_MATCH = YES;
				COPY_PHASE_STRIP = NO;
				DEBUG_INFORMATION_FORMAT = dwarf;
				ENABLE_STRICT_OBJC_MSGSEND = YES;
				ENABLE_TESTABILITY = YES;
				GCC_C_LANGUAGE_STANDARD = gnu11;
				GCC_DYNAMIC_NO_PIC = NO;
				GCC_NO_COMMON_BLOCKS = YES;
				GCC_OPTIMIZATION_LEVEL = 0;
				GCC_PREPROCESSOR_DEFINITIONS = (
					"DEBUG=1",
					"$(inherited)",
				);
				GCC_WARN_64_TO_32_BIT_CONVERSION = YES;
				GCC_WARN_ABOUT_RETURN_TYPE = YES_ERROR;
				GCC_WARN_UNDECLARED_SELECTOR = YES;
				GCC_WARN_UNINITIALIZED_AUTOS = YES_AGGRESSIVE;
				GCC_WARN_UNUSED_FUNCTION = YES;
				GCC_WARN_UNUSED_VARIABLE = YES;
				IPHONEOS_DEPLOYMENT_TARGET = 13.2;
				MTL_ENABLE_DEBUG_INFO = INCLUDE_SOURCE;
				MTL_FAST_MATH = YES;
				ONLY_ACTIVE_ARCH = YES;
				SDKROOT = iphoneos;
				SWIFT_ACTIVE_COMPILATION_CONDITIONS = DEBUG;
				SWIFT_OPTIMIZATION_LEVEL = "-Onone";
			};
			name = Debug;
		};
		FF0BCB1A23A76825005010CE /* Release */ = {
			isa = XCBuildConfiguration;
			buildSettings = {
				ALWAYS_SEARCH_USER_PATHS = NO;
				CLANG_ANALYZER_NONNULL = YES;
				CLANG_ANALYZER_NUMBER_OBJECT_CONVERSION = YES_AGGRESSIVE;
				CLANG_CXX_LANGUAGE_STANDARD = "gnu++14";
				CLANG_CXX_LIBRARY = "libc++";
				CLANG_ENABLE_MODULES = YES;
				CLANG_ENABLE_OBJC_ARC = YES;
				CLANG_ENABLE_OBJC_WEAK = YES;
				CLANG_WARN_BLOCK_CAPTURE_AUTORELEASING = YES;
				CLANG_WARN_BOOL_CONVERSION = YES;
				CLANG_WARN_COMMA = YES;
				CLANG_WARN_CONSTANT_CONVERSION = YES;
				CLANG_WARN_DEPRECATED_OBJC_IMPLEMENTATIONS = YES;
				CLANG_WARN_DIRECT_OBJC_ISA_USAGE = YES_ERROR;
				CLANG_WARN_DOCUMENTATION_COMMENTS = YES;
				CLANG_WARN_EMPTY_BODY = YES;
				CLANG_WARN_ENUM_CONVERSION = YES;
				CLANG_WARN_INFINITE_RECURSION = YES;
				CLANG_WARN_INT_CONVERSION = YES;
				CLANG_WARN_NON_LITERAL_NULL_CONVERSION = YES;
				CLANG_WARN_OBJC_IMPLICIT_RETAIN_SELF = YES;
				CLANG_WARN_OBJC_LITERAL_CONVERSION = YES;
				CLANG_WARN_OBJC_ROOT_CLASS = YES_ERROR;
				CLANG_WARN_QUOTED_INCLUDE_IN_FRAMEWORK_HEADER = YES;
				CLANG_WARN_RANGE_LOOP_ANALYSIS = YES;
				CLANG_WARN_STRICT_PROTOTYPES = YES;
				CLANG_WARN_SUSPICIOUS_MOVE = YES;
				CLANG_WARN_UNGUARDED_AVAILABILITY = YES_AGGRESSIVE;
				CLANG_WARN_UNREACHABLE_CODE = YES;
				CLANG_WARN__DUPLICATE_METHOD_MATCH = YES;
				COPY_PHASE_STRIP = NO;
				DEBUG_INFORMATION_FORMAT = "dwarf-with-dsym";
				ENABLE_NS_ASSERTIONS = NO;
				ENABLE_STRICT_OBJC_MSGSEND = YES;
				GCC_C_LANGUAGE_STANDARD = gnu11;
				GCC_NO_COMMON_BLOCKS = YES;
				GCC_WARN_64_TO_32_BIT_CONVERSION = YES;
				GCC_WARN_ABOUT_RETURN_TYPE = YES_ERROR;
				GCC_WARN_UNDECLARED_SELECTOR = YES;
				GCC_WARN_UNINITIALIZED_AUTOS = YES_AGGRESSIVE;
				GCC_WARN_UNUSED_FUNCTION = YES;
				GCC_WARN_UNUSED_VARIABLE = YES;
				IPHONEOS_DEPLOYMENT_TARGET = 13.2;
				MTL_ENABLE_DEBUG_INFO = NO;
				MTL_FAST_MATH = YES;
				SDKROOT = iphoneos;
				SWIFT_COMPILATION_MODE = wholemodule;
				SWIFT_OPTIMIZATION_LEVEL = "-O";
				VALIDATE_PRODUCT = YES;
			};
			name = Release;
		};
		FF0BCB1C23A76825005010CE /* Debug */ = {
			isa = XCBuildConfiguration;
			baseConfigurationReference = C1AFFE6186DCA47A506B9EFC /* Pods-APOD NASA.debug.xcconfig */;
			buildSettings = {
				ASSETCATALOG_COMPILER_APPICON_NAME = AppIcon;
				CODE_SIGN_STYLE = Automatic;
				DEVELOPMENT_TEAM = 4JWUSF25X2;
				INFOPLIST_FILE = "APOD NASA/Info.plist";
				LD_RUNPATH_SEARCH_PATHS = (
					"$(inherited)",
					"@executable_path/Frameworks",
				);
				PRODUCT_BUNDLE_IDENTIFIER = "com.fahimrahman.APOD-NASA";
				PRODUCT_NAME = "$(TARGET_NAME)";
				SWIFT_VERSION = 5.0;
				TARGETED_DEVICE_FAMILY = 1;
			};
			name = Debug;
		};
		FF0BCB1D23A76825005010CE /* Release */ = {
			isa = XCBuildConfiguration;
			baseConfigurationReference = AF13A30C715A1423BE44F623 /* Pods-APOD NASA.release.xcconfig */;
			buildSettings = {
				ASSETCATALOG_COMPILER_APPICON_NAME = AppIcon;
				CODE_SIGN_STYLE = Automatic;
				DEVELOPMENT_TEAM = 4JWUSF25X2;
				INFOPLIST_FILE = "APOD NASA/Info.plist";
				LD_RUNPATH_SEARCH_PATHS = (
					"$(inherited)",
					"@executable_path/Frameworks",
				);
				PRODUCT_BUNDLE_IDENTIFIER = "com.fahimrahman.APOD-NASA";
				PRODUCT_NAME = "$(TARGET_NAME)";
				SWIFT_VERSION = 5.0;
				TARGETED_DEVICE_FAMILY = 1;
			};
			name = Release;
		};
/* End XCBuildConfiguration section */

/* Begin XCConfigurationList section */
		FF0BCB0223A76824005010CE /* Build configuration list for PBXProject "APOD NASA" */ = {
			isa = XCConfigurationList;
			buildConfigurations = (
				FF0BCB1923A76825005010CE /* Debug */,
				FF0BCB1A23A76825005010CE /* Release */,
			);
			defaultConfigurationIsVisible = 0;
			defaultConfigurationName = Release;
		};
		FF0BCB1B23A76825005010CE /* Build configuration list for PBXNativeTarget "APOD NASA" */ = {
			isa = XCConfigurationList;
			buildConfigurations = (
				FF0BCB1C23A76825005010CE /* Debug */,
				FF0BCB1D23A76825005010CE /* Release */,
			);
			defaultConfigurationIsVisible = 0;
			defaultConfigurationName = Release;
		};
/* End XCConfigurationList section */
	};
	rootObject = FF0BCAFF23A76824005010CE /* Project object */;
}
